
Microsoft Visual Studio Solution File, Format Version 12.00
# Visual Studio Version 16
VisualStudioVersion = 16.0.32802.440
MinimumVisualStudioVersion = 10.0.40219.1
Project("{FAE04EC0-301F-11D3-BF4B-00C04F79EFBC}") = "RUAP_LV4", "RUAP_LV4\RUAP_LV4.csproj", "{F27CBEB3-B64B-4586-9CC0-7F59AE38E8DD}"
EndProject
Global
	GlobalSection(SolutionConfigurationPlatforms) = preSolution
		Debug|Any CPU = Debug|Any CPU
		Release|Any CPU = Release|Any CPU
	EndGlobalSection
	GlobalSection(ProjectConfigurationPlatforms) = postSolution
		{F27CBEB3-B64B-4586-9CC0-7F59AE38E8DD}.Debug|Any CPU.ActiveCfg = Debug|Any CPU
		{F27CBEB3-B64B-4586-9CC0-7F59AE38E8DD}.Debug|Any CPU.Build.0 = Debug|Any CPU
		{F27CBEB3-B64B-4586-9CC0-7F59AE38E8DD}.Release|Any CPU.ActiveCfg = Release|Any CPU
		{F27CBEB3-B64B-4586-9CC0-7F59AE38E8DD}.Release|Any CPU.Build.0 = Release|Any CPU
	EndGlobalSection
	GlobalSection(SolutionProperties) = preSolution
		HideSolutionNode = FALSE
	EndGlobalSection
	GlobalSection(ExtensibilityGlobals) = postSolution
		SolutionGuid = {4B370219-CF39-41EB-BB02-4A088110C9D3}
	EndGlobalSection
EndGlobal
